// !$*UTF8*$!
{
	archiveVersion = 1;
	classes = {
	};
	objectVersion = 77;
	objects = {

/* Begin PBXBuildFile section */
		0CC09154B0C8D22D6BE3170D /* AppRoute.swift in Sources */ = {isa = PBXBuildFile; fileRef = 7BEAB2047F8B6E81DE03E5F0 /* AppRoute.swift */; };
		21DCD6EFA14E6F04C7D9A2FB /* PrimaryButton.swift in Sources */ = {isa = PBXBuildFile; fileRef = 22BDE64FE88CE372DF7FC2D8 /* PrimaryButton.swift */; };
		4203FE5F89E5F29B424DE7CC /* SlopBowlApp.swift in Sources */ = {isa = PBXBuildFile; fileRef = AF431495654FC87D07C94BA4 /* SlopBowlApp.swift */; };
		4563ED9E82E801C1818CBA89 /* OnboardingStateStore.swift in Sources */ = {isa = PBXBuildFile; fileRef = 8ECB61FD823BD22D37DFE616 /* OnboardingStateStore.swift */; };
		62845F3A61BF81C071DBDAC9 /* OnboardingStateStoreTests.swift in Sources */ = {isa = PBXBuildFile; fileRef = 470E5F85E92B1DD49A19AB1A /* OnboardingStateStoreTests.swift */; };
		62D670DC2C3255607D914C88 /* AppColor.swift in Sources */ = {isa = PBXBuildFile; fileRef = 69EF73B837EA351549BC75DD /* AppColor.swift */; };
		709E602988218E6D1D569106 /* OnboardingView.swift in Sources */ = {isa = PBXBuildFile; fileRef = ED477E636AF3D9D63C205CF5 /* OnboardingView.swift */; };
		75160B81C5CF76CBF55B58E3 /* AppEnvironment.swift in Sources */ = {isa = PBXBuildFile; fileRef = 6375F2730D8F6C69EE4A78BD /* AppEnvironment.swift */; };
		84A82BFD7072D8E6A4387655 /* AppCornerRadius.swift in Sources */ = {isa = PBXBuildFile; fileRef = 76C99479470949366911BE04 /* AppCornerRadius.swift */; };
		901A2520E1C671D75BE0A4E2 /* AppCoordinator.swift in Sources */ = {isa = PBXBuildFile; fileRef = 2C20DAA1AFA396274D1BE038 /* AppCoordinator.swift */; };
		9AD459C05121F25E15391990 /* HomeView.swift in Sources */ = {isa = PBXBuildFile; fileRef = CADF60EDA27D6ABDF5855525 /* HomeView.swift */; };
		B0E9F29726403073393D7E12 /* AppSpacing.swift in Sources */ = {isa = PBXBuildFile; fileRef = 2357C20D910C31BFD026BB8D /* AppSpacing.swift */; };
		C263F8E115587AA50D087B23 /* RootView.swift in Sources */ = {isa = PBXBuildFile; fileRef = 73897415BAC1B94133F69BD7 /* RootView.swift */; };
		F0FDE15B65251061AE7AB379 /* AppTypography.swift in Sources */ = {isa = PBXBuildFile; fileRef = FBC939027BED7EBEADB6F013 /* AppTypography.swift */; };
		FA4C7A792A670CDB17806C36 /* HomeViewModel.swift in Sources */ = {isa = PBXBuildFile; fileRef = 6A74EEF48E849B44C77BE129 /* HomeViewModel.swift */; };
/* End PBXBuildFile section */

/* Begin PBXContainerItemProxy section */
		88D78A7D576BC10C75E0EC50 /* PBXContainerItemProxy */ = {
			isa = PBXContainerItemProxy;
			containerPortal = 6FC73EFB3E700E0D752E79DB /* Project object */;
			proxyType = 1;
			remoteGlobalIDString = 0FCF0314E86F8A6F19BEEC2A;
			remoteInfo = SlopBowl;
		};
/* End PBXContainerItemProxy section */

/* Begin PBXFileReference section */
		22BDE64FE88CE372DF7FC2D8 /* PrimaryButton.swift */ = {isa = PBXFileReference; lastKnownFileType = sourcecode.swift; path = PrimaryButton.swift; sourceTree = "<group>"; };
		2357C20D910C31BFD026BB8D /* AppSpacing.swift */ = {isa = PBXFileReference; lastKnownFileType = sourcecode.swift; path = AppSpacing.swift; sourceTree = "<group>"; };
		2C20DAA1AFA396274D1BE038 /* AppCoordinator.swift */ = {isa = PBXFileReference; lastKnownFileType = sourcecode.swift; path = AppCoordinator.swift; sourceTree = "<group>"; };
		2D9FA29D43C7032F1F446063 /* SlopBowlTests.xctest */ = {isa = PBXFileReference; includeInIndex = 0; lastKnownFileType = wrapper.cfbundle; path = SlopBowlTests.xctest; sourceTree = BUILT_PRODUCTS_DIR; };
		470E5F85E92B1DD49A19AB1A /* OnboardingStateStoreTests.swift */ = {isa = PBXFileReference; lastKnownFileType = sourcecode.swift; path = OnboardingStateStoreTests.swift; sourceTree = "<group>"; };
		6375F2730D8F6C69EE4A78BD /* AppEnvironment.swift */ = {isa = PBXFileReference; lastKnownFileType = sourcecode.swift; path = AppEnvironment.swift; sourceTree = "<group>"; };
		69EF73B837EA351549BC75DD /* AppColor.swift */ = {isa = PBXFileReference; lastKnownFileType = sourcecode.swift; path = AppColor.swift; sourceTree = "<group>"; };
		6A74EEF48E849B44C77BE129 /* HomeViewModel.swift */ = {isa = PBXFileReference; lastKnownFileType = sourcecode.swift; path = HomeViewModel.swift; sourceTree = "<group>"; };
		6BCDD4516C10427433EC4376 /* SlopBowl.app */ = {isa = PBXFileReference; includeInIndex = 0; lastKnownFileType = wrapper.application; path = SlopBowl.app; sourceTree = BUILT_PRODUCTS_DIR; };
		73897415BAC1B94133F69BD7 /* RootView.swift */ = {isa = PBXFileReference; lastKnownFileType = sourcecode.swift; path = RootView.swift; sourceTree = "<group>"; };
		76C99479470949366911BE04 /* AppCornerRadius.swift */ = {isa = PBXFileReference; lastKnownFileType = sourcecode.swift; path = AppCornerRadius.swift; sourceTree = "<group>"; };
		7BEAB2047F8B6E81DE03E5F0 /* AppRoute.swift */ = {isa = PBXFileReference; lastKnownFileType = sourcecode.swift; path = AppRoute.swift; sourceTree = "<group>"; };
		8ECB61FD823BD22D37DFE616 /* OnboardingStateStore.swift */ = {isa = PBXFileReference; lastKnownFileType = sourcecode.swift; path = OnboardingStateStore.swift; sourceTree = "<group>"; };
		AF431495654FC87D07C94BA4 /* SlopBowlApp.swift */ = {isa = PBXFileReference; lastKnownFileType = sourcecode.swift; path = SlopBowlApp.swift; sourceTree = "<group>"; };
		CADF60EDA27D6ABDF5855525 /* HomeView.swift */ = {isa = PBXFileReference; lastKnownFileType = sourcecode.swift; path = HomeView.swift; sourceTree = "<group>"; };
		ED477E636AF3D9D63C205CF5 /* OnboardingView.swift */ = {isa = PBXFileReference; lastKnownFileType = sourcecode.swift; path = OnboardingView.swift; sourceTree = "<group>"; };
		FBC939027BED7EBEADB6F013 /* AppTypography.swift */ = {isa = PBXFileReference; lastKnownFileType = sourcecode.swift; path = AppTypography.swift; sourceTree = "<group>"; };
/* End PBXFileReference section */

/* Begin PBXGroup section */
		0261E8FE4F70BBDF67FBA6F3 /* Utilities */ = {
			isa = PBXGroup;
			children = (
			);
			path = Utilities;
			sourceTree = "<group>";
		};
		0A46C3896D2E9E8ED5108BB9 /* Coordinators */ = {
			isa = PBXGroup;
			children = (
				2C20DAA1AFA396274D1BE038 /* AppCoordinator.swift */,
				7BEAB2047F8B6E81DE03E5F0 /* AppRoute.swift */,
			);
			path = Coordinators;
			sourceTree = "<group>";
		};
		1A2FC5D0371322B06ACDCB7B /* Onboarding */ = {
			isa = PBXGroup;
			children = (
				ED477E636AF3D9D63C205CF5 /* OnboardingView.swift */,
			);
			path = Onboarding;
			sourceTree = "<group>";
		};
		1A47936D1DC7CBFE57CA41A3 /* Components */ = {
			isa = PBXGroup;
			children = (
				22BDE64FE88CE372DF7FC2D8 /* PrimaryButton.swift */,
			);
			path = Components;
			sourceTree = "<group>";
		};
		2ED72E5E127B4B7246D3CC41 /* Features */ = {
			isa = PBXGroup;
			children = (
				BF9ED112359F338EAF8C8DF9 /* Home */,
				1A2FC5D0371322B06ACDCB7B /* Onboarding */,
			);
			name = Features;
			path = SlopBowl/Features;
			sourceTree = "<group>";
		};
		307FD9E72F953BA6128F4156 /* Core */ = {
			isa = PBXGroup;
			children = (
				0A46C3896D2E9E8ED5108BB9 /* Coordinators */,
				9D0F93C3188BD5C68AC064DE /* Models */,
				6FBA5079AC14DE5442C6B4A9 /* Services */,
				0261E8FE4F70BBDF67FBA6F3 /* Utilities */,
			);
			name = Core;
			path = SlopBowl/Core;
			sourceTree = "<group>";
		};
		31F60CE7B53888C83FDC7C54 /* Products */ = {
			isa = PBXGroup;
			children = (
				6BCDD4516C10427433EC4376 /* SlopBowl.app */,
				2D9FA29D43C7032F1F446063 /* SlopBowlTests.xctest */,
			);
			name = Products;
			sourceTree = "<group>";
		};
		6DF7DF88599A21C1B6795A71 /* App */ = {
			isa = PBXGroup;
			children = (
				73897415BAC1B94133F69BD7 /* RootView.swift */,
				AF431495654FC87D07C94BA4 /* SlopBowlApp.swift */,
			);
			name = App;
			path = SlopBowl/App;
			sourceTree = "<group>";
		};
		6FBA5079AC14DE5442C6B4A9 /* Services */ = {
			isa = PBXGroup;
			children = (
				8ECB61FD823BD22D37DFE616 /* OnboardingStateStore.swift */,
			);
			path = Services;
			sourceTree = "<group>";
		};
		785D842A720DDD26C02E7FF3 /* StyleGuide */ = {
			isa = PBXGroup;
			children = (
				69EF73B837EA351549BC75DD /* AppColor.swift */,
				76C99479470949366911BE04 /* AppCornerRadius.swift */,
				2357C20D910C31BFD026BB8D /* AppSpacing.swift */,
				FBC939027BED7EBEADB6F013 /* AppTypography.swift */,
			);
			path = StyleGuide;
			sourceTree = "<group>";
		};
		956ECD67403EA4710F470A00 /* SlopBowlTests */ = {
			isa = PBXGroup;
			children = (
				470E5F85E92B1DD49A19AB1A /* OnboardingStateStoreTests.swift */,
			);
			path = SlopBowlTests;
			sourceTree = "<group>";
		};
		9D0F93C3188BD5C68AC064DE /* Models */ = {
			isa = PBXGroup;
			children = (
				6375F2730D8F6C69EE4A78BD /* AppEnvironment.swift */,
			);
			path = Models;
			sourceTree = "<group>";
		};
		BF9ED112359F338EAF8C8DF9 /* Home */ = {
			isa = PBXGroup;
			children = (
				CADF60EDA27D6ABDF5855525 /* HomeView.swift */,
				6A74EEF48E849B44C77BE129 /* HomeViewModel.swift */,
			);
			path = Home;
			sourceTree = "<group>";
		};
		D3299F2FED4023C0A6238437 /* UI */ = {
			isa = PBXGroup;
			children = (
				1A47936D1DC7CBFE57CA41A3 /* Components */,
				785D842A720DDD26C02E7FF3 /* StyleGuide */,
			);
			name = UI;
			path = SlopBowl/UI;
			sourceTree = "<group>";
		};
		E131E9B7D7762BB3114A3FBE = {
			isa = PBXGroup;
			children = (
				6DF7DF88599A21C1B6795A71 /* App */,
				307FD9E72F953BA6128F4156 /* Core */,
				2ED72E5E127B4B7246D3CC41 /* Features */,
				956ECD67403EA4710F470A00 /* SlopBowlTests */,
				D3299F2FED4023C0A6238437 /* UI */,
				31F60CE7B53888C83FDC7C54 /* Products */,
			);
			sourceTree = "<group>";
		};
/* End PBXGroup section */

/* Begin PBXNativeTarget section */
		0FCF0314E86F8A6F19BEEC2A /* SlopBowl */ = {
			isa = PBXNativeTarget;
			buildConfigurationList = 421045FB6FF563E556FD8383 /* Build configuration list for PBXNativeTarget "SlopBowl" */;
			buildPhases = (
				AE291F185A099F0494A29B2A /* Sources */,
			);
			buildRules = (
			);
			dependencies = (
			);
			name = SlopBowl;
			packageProductDependencies = (
			);
			productName = SlopBowl;
			productReference = 6BCDD4516C10427433EC4376 /* SlopBowl.app */;
			productType = "com.apple.product-type.application";
		};
		C1DA87B8B88D9D114C4BB0A3 /* SlopBowlTests */ = {
			isa = PBXNativeTarget;
			buildConfigurationList = D8AB632772BB9E770D893F5B /* Build configuration list for PBXNativeTarget "SlopBowlTests" */;
			buildPhases = (
				B79ADEE13CC9FA994CD80677 /* Sources */,
			);
			buildRules = (
			);
			dependencies = (
				0C876F9D3F0524FD97625309 /* PBXTargetDependency */,
			);
			name = SlopBowlTests;
			packageProductDependencies = (
			);
			productName = SlopBowlTests;
			productReference = 2D9FA29D43C7032F1F446063 /* SlopBowlTests.xctest */;
			productType = "com.apple.product-type.bundle.unit-test";
		};
/* End PBXNativeTarget section */

/* Begin PBXProject section */
		6FC73EFB3E700E0D752E79DB /* Project object */ = {
			isa = PBXProject;
			attributes = {
				BuildIndependentTargetsInParallel = YES;
				LastUpgradeCheck = 1430;
				TargetAttributes = {
					0FCF0314E86F8A6F19BEEC2A = {
						DevelopmentTeam = H32EKFDL92;
					};
					C1DA87B8B88D9D114C4BB0A3 = {
						DevelopmentTeam = H32EKFDL92;
					};
				};
			};
			buildConfigurationList = 4D1C95C3003202A43F860360 /* Build configuration list for PBXProject "SlopBowl" */;
			compatibilityVersion = "Xcode 14.0";
			developmentRegion = en;
			hasScannedForEncodings = 0;
			knownRegions = (
				Base,
				en,
			);
			mainGroup = E131E9B7D7762BB3114A3FBE;
			minimizedProjectReferenceProxies = 1;
			preferredProjectObjectVersion = 77;
			projectDirPath = "";
			projectRoot = "";
			targets = (
				0FCF0314E86F8A6F19BEEC2A /* SlopBowl */,
				C1DA87B8B88D9D114C4BB0A3 /* SlopBowlTests */,
			);
		};
/* End PBXProject section */

/* Begin PBXSourcesBuildPhase section */
		AE291F185A099F0494A29B2A /* Sources */ = {
			isa = PBXSourcesBuildPhase;
			buildActionMask = 2147483647;
			files = (
				62D670DC2C3255607D914C88 /* AppColor.swift in Sources */,
				901A2520E1C671D75BE0A4E2 /* AppCoordinator.swift in Sources */,
				84A82BFD7072D8E6A4387655 /* AppCornerRadius.swift in Sources */,
				75160B81C5CF76CBF55B58E3 /* AppEnvironment.swift in Sources */,
				0CC09154B0C8D22D6BE3170D /* AppRoute.swift in Sources */,
				B0E9F29726403073393D7E12 /* AppSpacing.swift in Sources */,
				F0FDE15B65251061AE7AB379 /* AppTypography.swift in Sources */,
				9AD459C05121F25E15391990 /* HomeView.swift in Sources */,
				FA4C7A792A670CDB17806C36 /* HomeViewModel.swift in Sources */,
				4563ED9E82E801C1818CBA89 /* OnboardingStateStore.swift in Sources */,
				709E602988218E6D1D569106 /* OnboardingView.swift in Sources */,
				21DCD6EFA14E6F04C7D9A2FB /* PrimaryButton.swift in Sources */,
				C263F8E115587AA50D087B23 /* RootView.swift in Sources */,
				4203FE5F89E5F29B424DE7CC /* SlopBowlApp.swift in Sources */,
			);
			runOnlyForDeploymentPostprocessing = 0;
		};
		B79ADEE13CC9FA994CD80677 /* Sources */ = {
			isa = PBXSourcesBuildPhase;
			buildActionMask = 2147483647;
			files = (
				62845F3A61BF81C071DBDAC9 /* OnboardingStateStoreTests.swift in Sources */,
			);
			runOnlyForDeploymentPostprocessing = 0;
		};
/* End PBXSourcesBuildPhase section */

/* Begin PBXTargetDependency section */
		0C876F9D3F0524FD97625309 /* PBXTargetDependency */ = {
			isa = PBXTargetDependency;
			target = 0FCF0314E86F8A6F19BEEC2A /* SlopBowl */;
			targetProxy = 88D78A7D576BC10C75E0EC50 /* PBXContainerItemProxy */;
		};
/* End PBXTargetDependency section */

/* Begin XCBuildConfiguration section */
		04D17ADB4061F192DEB22C0A /* Release */ = {
			isa = XCBuildConfiguration;
			buildSettings = {
				ASSETCATALOG_COMPILER_APPICON_NAME = AppIcon;
				ASSETCATALOG_COMPILER_GLOBAL_ACCENT_COLOR_NAME = AccentColor;
				CODE_SIGN_IDENTITY = "Apple Development";
				INFOPLIST_FILE = SlopBowl/Resources/Info.plist;
				LD_RUNPATH_SEARCH_PATHS = (
					"$(inherited)",
					"@executable_path/Frameworks",
				);
				PRODUCT_BUNDLE_IDENTIFIER = com.geneyoo.slopbowl;
				PRODUCT_NAME = SlopBowl;
				SDKROOT = iphoneos;
				TARGETED_DEVICE_FAMILY = "1,2";
			};
			name = Release;
		};
		3096871854E063F23ED7B2B0 /* Release */ = {
			isa = XCBuildConfiguration;
			buildSettings = {
				BUNDLE_LOADER = "$(TEST_HOST)";
				GENERATE_INFOPLIST_FILE = YES;
				LD_RUNPATH_SEARCH_PATHS = (
					"$(inherited)",
					"@executable_path/Frameworks",
					"@loader_path/Frameworks",
				);
				PRODUCT_BUNDLE_IDENTIFIER = com.geneyoo.SlopBowlTests;
				SDKROOT = iphoneos;
				TARGETED_DEVICE_FAMILY = "1,2";
				TEST_HOST = "$(BUILT_PRODUCTS_DIR)/SlopBowl.app/SlopBowl";
			};
			name = Release;
		};
		750769B2534344418047FA06 /* Release */ = {
			isa = XCBuildConfiguration;
			buildSettings = {
				ALWAYS_SEARCH_USER_PATHS = NO;
				CLANG_ANALYZER_NONNULL = YES;
				CLANG_ANALYZER_NUMBER_OBJECT_CONVERSION = YES_AGGRESSIVE;
				CLANG_CXX_LANGUAGE_STANDARD = "gnu++14";
				CLANG_CXX_LIBRARY = "libc++";
				CLANG_ENABLE_MODULES = YES;
				CLANG_ENABLE_OBJC_ARC = YES;
				CLANG_ENABLE_OBJC_WEAK = YES;
				CLANG_WARN_BLOCK_CAPTURE_AUTORELEASING = YES;
				CLANG_WARN_BOOL_CONVERSION = YES;
				CLANG_WARN_COMMA = YES;
				CLANG_WARN_CONSTANT_CONVERSION = YES;
				CLANG_WARN_DEPRECATED_OBJC_IMPLEMENTATIONS = YES;
				CLANG_WARN_DIRECT_OBJC_ISA_USAGE = YES_ERROR;
				CLANG_WARN_DOCUMENTATION_COMMENTS = YES;
				CLANG_WARN_EMPTY_BODY = YES;
				CLANG_WARN_ENUM_CONVERSION = YES;
				CLANG_WARN_INFINITE_RECURSION = YES;
				CLANG_WARN_INT_CONVERSION = YES;
				CLANG_WARN_NON_LITERAL_NULL_CONVERSION = YES;
				CLANG_WARN_OBJC_IMPLICIT_RETAIN_SELF = YES;
				CLANG_WARN_OBJC_LITERAL_CONVERSION = YES;
				CLANG_WARN_OBJC_ROOT_CLASS = YES_ERROR;
				CLANG_WARN_QUOTED_INCLUDE_IN_FRAMEWORK_HEADER = YES;
				CLANG_WARN_RANGE_LOOP_ANALYSIS = YES;
				CLANG_WARN_STRICT_PROTOTYPES = YES;
				CLANG_WARN_SUSPICIOUS_MOVE = YES;
				CLANG_WARN_UNGUARDED_AVAILABILITY = YES_AGGRESSIVE;
				CLANG_WARN_UNREACHABLE_CODE = YES;
				CLANG_WARN__DUPLICATE_METHOD_MATCH = YES;
				COPY_PHASE_STRIP = NO;
				CURRENT_PROJECT_VERSION = 1;
				DEBUG_INFORMATION_FORMAT = "dwarf-with-dsym";
				DEVELOPMENT_TEAM = H32EKFDL92;
				ENABLE_NS_ASSERTIONS = NO;
				ENABLE_STRICT_OBJC_MSGSEND = YES;
				GCC_C_LANGUAGE_STANDARD = gnu11;
				GCC_NO_COMMON_BLOCKS = YES;
				GCC_WARN_64_TO_32_BIT_CONVERSION = YES;
				GCC_WARN_ABOUT_RETURN_TYPE = YES_ERROR;
				GCC_WARN_UNDECLARED_SELECTOR = YES;
				GCC_WARN_UNINITIALIZED_AUTOS = YES_AGGRESSIVE;
				GCC_WARN_UNUSED_FUNCTION = YES;
				GCC_WARN_UNUSED_VARIABLE = YES;
				IPHONEOS_DEPLOYMENT_TARGET = 18.6;
				MARKETING_VERSION = 1.0;
				MTL_ENABLE_DEBUG_INFO = NO;
				MTL_FAST_MATH = YES;
				PRODUCT_NAME = "$(TARGET_NAME)";
				SDKROOT = iphoneos;
				SWIFT_COMPILATION_MODE = wholemodule;
				SWIFT_OPTIMIZATION_LEVEL = "-O";
				SWIFT_VERSION = 5.9;
			};
			name = Release;
		};
		BE9359CB3E6456C3A3212731 /* Debug */ = {
			isa = XCBuildConfiguration;
			buildSettings = {
				ASSETCATALOG_COMPILER_APPICON_NAME = AppIcon;
				ASSETCATALOG_COMPILER_GLOBAL_ACCENT_COLOR_NAME = AccentColor;
				CODE_SIGN_IDENTITY = "Apple Development";
				INFOPLIST_FILE = SlopBowl/Resources/Info.plist;
				LD_RUNPATH_SEARCH_PATHS = (
					"$(inherited)",
					"@executable_path/Frameworks",
				);
				PRODUCT_BUNDLE_IDENTIFIER = com.geneyoo.slopbowl;
				PRODUCT_NAME = SlopBowl;
				SDKROOT = iphoneos;
				TARGETED_DEVICE_FAMILY = "1,2";
			};
			name = Debug;
		};
		BF25EF34BD59A9089D6F118C /* Debug */ = {
			isa = XCBuildConfiguration;
			buildSettings = {
				BUNDLE_LOADER = "$(TEST_HOST)";
				GENERATE_INFOPLIST_FILE = YES;
				LD_RUNPATH_SEARCH_PATHS = (
					"$(inherited)",
					"@executable_path/Frameworks",
					"@loader_path/Frameworks",
				);
				PRODUCT_BUNDLE_IDENTIFIER = com.geneyoo.SlopBowlTests;
				SDKROOT = iphoneos;
				TARGETED_DEVICE_FAMILY = "1,2";
				TEST_HOST = "$(BUILT_PRODUCTS_DIR)/SlopBowl.app/SlopBowl";
			};
			name = Debug;
		};
		C3E6652F85509915818F4D26 /* Debug */ = {
			isa = XCBuildConfiguration;
			buildSettings = {
				ALWAYS_SEARCH_USER_PATHS = NO;
				CLANG_ANALYZER_NONNULL = YES;
				CLANG_ANALYZER_NUMBER_OBJECT_CONVERSION = YES_AGGRESSIVE;
				CLANG_CXX_LANGUAGE_STANDARD = "gnu++14";
				CLANG_CXX_LIBRARY = "libc++";
				CLANG_ENABLE_MODULES = YES;
				CLANG_ENABLE_OBJC_ARC = YES;
				CLANG_ENABLE_OBJC_WEAK = YES;
				CLANG_WARN_BLOCK_CAPTURE_AUTORELEASING = YES;
				CLANG_WARN_BOOL_CONVERSION = YES;
				CLANG_WARN_COMMA = YES;
				CLANG_WARN_CONSTANT_CONVERSION = YES;
				CLANG_WARN_DEPRECATED_OBJC_IMPLEMENTATIONS = YES;
				CLANG_WARN_DIRECT_OBJC_ISA_USAGE = YES_ERROR;
				CLANG_WARN_DOCUMENTATION_COMMENTS = YES;
				CLANG_WARN_EMPTY_BODY = YES;
				CLANG_WARN_ENUM_CONVERSION = YES;
				CLANG_WARN_INFINITE_RECURSION = YES;
				CLANG_WARN_INT_CONVERSION = YES;
				CLANG_WARN_NON_LITERAL_NULL_CONVERSION = YES;
				CLANG_WARN_OBJC_IMPLICIT_RETAIN_SELF = YES;
				CLANG_WARN_OBJC_LITERAL_CONVERSION = YES;
				CLANG_WARN_OBJC_ROOT_CLASS = YES_ERROR;
				CLANG_WARN_QUOTED_INCLUDE_IN_FRAMEWORK_HEADER = YES;
				CLANG_WARN_RANGE_LOOP_ANALYSIS = YES;
				CLANG_WARN_STRICT_PROTOTYPES = YES;
				CLANG_WARN_SUSPICIOUS_MOVE = YES;
				CLANG_WARN_UNGUARDED_AVAILABILITY = YES_AGGRESSIVE;
				CLANG_WARN_UNREACHABLE_CODE = YES;
				CLANG_WARN__DUPLICATE_METHOD_MATCH = YES;
				COPY_PHASE_STRIP = NO;
				CURRENT_PROJECT_VERSION = 1;
				DEBUG_INFORMATION_FORMAT = dwarf;
				DEVELOPMENT_TEAM = H32EKFDL92;
				ENABLE_STRICT_OBJC_MSGSEND = YES;
				ENABLE_TESTABILITY = YES;
				GCC_C_LANGUAGE_STANDARD = gnu11;
				GCC_DYNAMIC_NO_PIC = NO;
				GCC_NO_COMMON_BLOCKS = YES;
				GCC_OPTIMIZATION_LEVEL = 0;
				GCC_PREPROCESSOR_DEFINITIONS = (
					"$(inherited)",
					"DEBUG=1",
				);
				GCC_WARN_64_TO_32_BIT_CONVERSION = YES;
				GCC_WARN_ABOUT_RETURN_TYPE = YES_ERROR;
				GCC_WARN_UNDECLARED_SELECTOR = YES;
				GCC_WARN_UNINITIALIZED_AUTOS = YES_AGGRESSIVE;
				GCC_WARN_UNUSED_FUNCTION = YES;
				GCC_WARN_UNUSED_VARIABLE = YES;
				IPHONEOS_DEPLOYMENT_TARGET = 18.6;
				MARKETING_VERSION = 1.0;
				MTL_ENABLE_DEBUG_INFO = INCLUDE_SOURCE;
				MTL_FAST_MATH = YES;
				ONLY_ACTIVE_ARCH = YES;
				PRODUCT_NAME = "$(TARGET_NAME)";
				SDKROOT = iphoneos;
				SWIFT_ACTIVE_COMPILATION_CONDITIONS = DEBUG;
				SWIFT_OPTIMIZATION_LEVEL = "-Onone";
				SWIFT_VERSION = 5.9;
			};
			name = Debug;
		};
/* End XCBuildConfiguration section */

/* Begin XCConfigurationList section */
		421045FB6FF563E556FD8383 /* Build configuration list for PBXNativeTarget "SlopBowl" */ = {
			isa = XCConfigurationList;
			buildConfigurations = (
				BE9359CB3E6456C3A3212731 /* Debug */,
				04D17ADB4061F192DEB22C0A /* Release */,
			);
			defaultConfigurationIsVisible = 0;
			defaultConfigurationName = Debug;
		};
		4D1C95C3003202A43F860360 /* Build configuration list for PBXProject "SlopBowl" */ = {
			isa = XCConfigurationList;
			buildConfigurations = (
				C3E6652F85509915818F4D26 /* Debug */,
				750769B2534344418047FA06 /* Release */,
			);
			defaultConfigurationIsVisible = 0;
			defaultConfigurationName = Debug;
		};
		D8AB632772BB9E770D893F5B /* Build configuration list for PBXNativeTarget "SlopBowlTests" */ = {
			isa = XCConfigurationList;
			buildConfigurations = (
				BF25EF34BD59A9089D6F118C /* Debug */,
				3096871854E063F23ED7B2B0 /* Release */,
			);
			defaultConfigurationIsVisible = 0;
			defaultConfigurationName = Debug;
		};
/* End XCConfigurationList section */
	};
	rootObject = 6FC73EFB3E700E0D752E79DB /* Project object */;
}
